
Microsoft Visual Studio Solution File, Format Version 12.00
# Visual Studio 14
VisualStudioVersion = 14.0.25420.1
MinimumVisualStudioVersion = 10.0.40219.1
Project("{FAE04EC0-301F-11D3-BF4B-00C04F79EFBC}") = "SchedulesDirectDownloader", "schedules-direct-icon-downloader\SchedulesDirectDownloader.csproj", "{294C6A1A-BB18-4A15-9C57-DF74C41B3248}"
EndProject
Project("{FAE04EC0-301F-11D3-BF4B-00C04F79EFBC}") = "SchedulesDirect.IconDownloader", "Downloader\SchedulesDirect.IconDownloader.csproj", "{5BB4097F-4367-498F-80B4-753F6EE9B878}"
EndProject
Global
	GlobalSection(SolutionConfigurationPlatforms) = preSolution
		Debug|Any CPU = Debug|Any CPU
		Release|Any CPU = Release|Any CPU
	EndGlobalSection
	GlobalSection(ProjectConfigurationPlatforms) = postSolution
		{294C6A1A-BB18-4A15-9C57-DF74C41B3248}.Debug|Any CPU.ActiveCfg = Debug|Any CPU
		{294C6A1A-BB18-4A15-9C57-DF74C41B3248}.Debug|Any CPU.Build.0 = Debug|Any CPU
		{294C6A1A-BB18-4A15-9C57-DF74C41B3248}.Release|Any CPU.ActiveCfg = Release|Any CPU
		{294C6A1A-BB18-4A15-9C57-DF74C41B3248}.Release|Any CPU.Build.0 = Release|Any CPU
		{5BB4097F-4367-498F-80B4-753F6EE9B878}.Debug|Any CPU.ActiveCfg = Debug|Any CPU
		{5BB4097F-4367-498F-80B4-753F6EE9B878}.Debug|Any CPU.Build.0 = Debug|Any CPU
		{5BB4097F-4367-498F-80B4-753F6EE9B878}.Release|Any CPU.ActiveCfg = Release|Any CPU
		{5BB4097F-4367-498F-80B4-753F6EE9B878}.Release|Any CPU.Build.0 = Release|Any CPU
	EndGlobalSection
	GlobalSection(SolutionProperties) = preSolution
		HideSolutionNode = FALSE
	EndGlobalSection
EndGlobal
